
Microsoft Visual Studio Solution File, Format Version 12.00
# Visual Studio Version 17
VisualStudioVersion = 17.10.35013.160
MinimumVisualStudioVersion = 10.0.40219.1
Project("{FAE04EC0-301F-11D3-BF4B-00C04F79EFBC}") = "MarketApi", "MarketApi.csproj", "{10B6384E-164C-45CD-8D3D-E5F9E1EDDC90}"
EndProject
Global
	GlobalSection(SolutionConfigurationPlatforms) = preSolution
		Debug|Any CPU = Debug|Any CPU
		Release|Any CPU = Release|Any CPU
	EndGlobalSection
	GlobalSection(ProjectConfigurationPlatforms) = postSolution
		{10B6384E-164C-45CD-8D3D-E5F9E1EDDC90}.Debug|Any CPU.ActiveCfg = Debug|Any CPU
		{10B6384E-164C-45CD-8D3D-E5F9E1EDDC90}.Debug|Any CPU.Build.0 = Debug|Any CPU
		{10B6384E-164C-45CD-8D3D-E5F9E1EDDC90}.Release|Any CPU.ActiveCfg = Release|Any CPU
		{10B6384E-164C-45CD-8D3D-E5F9E1EDDC90}.Release|Any CPU.Build.0 = Release|Any CPU
	EndGlobalSection
	GlobalSection(SolutionProperties) = preSolution
		HideSolutionNode = FALSE
	EndGlobalSection
	GlobalSection(ExtensibilityGlobals) = postSolution
		SolutionGuid = {04B193F4-623E-4979-AF8C-A008CE9A72E2}
	EndGlobalSection
EndGlobal
